{
  "name": "hyperform.github.io",
  "version": "1.0.0",
  "lockfileVersion": 1,
  "requires": true,
  "dependencies": {
    "hyperform": {
      "version": "0.9.23",
      "resolved": "https://registry.npmjs.org/hyperform/-/hyperform-0.9.23.tgz",
      "integrity": "sha512-2rUMOZuWFdHdTa8kymF+8nRHr/LLkUnb1i8NjGZyQ/KFL9T/WzGckcm6MY5uQSLXW5BViAT3yOV3sif77YR/SQ=="
    }
  }
}
