{
  "name": "hyperform.github.io",
  "version": "1.0.0",
  "lockfileVersion": 1,
  "requires": true,
  "dependencies": {
    "hyperform": {
      "version": "0.9.19",
      "resolved": "https://registry.npmjs.org/hyperform/-/hyperform-0.9.19.tgz",
      "integrity": "sha512-W4iE2ee6F9/0XEcPBpGWBHNRheaj6lqwNNnFGwTkSWEOtv7ujx1O9Gz4Ukf1Vw4X+qrcIuBkO7En9JZLPg+96w=="
    }
  }
}
