{
  "name": "hyperform.github.io",
  "version": "1.0.0",
  "lockfileVersion": 1,
  "requires": true,
  "dependencies": {
    "hyperform": {
      "version": "0.9.22",
      "resolved": "https://registry.npmjs.org/hyperform/-/hyperform-0.9.22.tgz",
      "integrity": "sha512-zJ6Bif/qAnN633pfOcvkEbwvCXnKPjqNgR6VdcRsxXcr+zGV9AdH5m5C/g4Xui16mdotlqweCb8CtkD42x6omQ=="
    }
  }
}
